
Microsoft Visual Studio Solution File, Format Version 12.00
# Visual Studio Version 16
VisualStudioVersion = 16.0.810.21
MinimumVisualStudioVersion = 10.0.40219.1
Project("{FAE04EC0-301F-11D3-BF4B-00C04F79EFBC}") = "Franchise", "Franchise.csproj", "{09174816-6C79-48CC-940E-055618BE4736}"
EndProject
Global
	GlobalSection(SolutionConfigurationPlatforms) = preSolution
		Debug|Any CPU = Debug|Any CPU
		Release|Any CPU = Release|Any CPU
	EndGlobalSection
	GlobalSection(ProjectConfigurationPlatforms) = postSolution
		{09174816-6C79-48CC-940E-055618BE4736}.Debug|Any CPU.ActiveCfg = Debug|Any CPU
		{09174816-6C79-48CC-940E-055618BE4736}.Debug|Any CPU.Build.0 = Debug|Any CPU
		{09174816-6C79-48CC-940E-055618BE4736}.Release|Any CPU.ActiveCfg = Release|Any CPU
		{09174816-6C79-48CC-940E-055618BE4736}.Release|Any CPU.Build.0 = Release|Any CPU
	EndGlobalSection
	GlobalSection(SolutionProperties) = preSolution
		HideSolutionNode = FALSE
	EndGlobalSection
	GlobalSection(ExtensibilityGlobals) = postSolution
		SolutionGuid = {B35CEF92-E78E-43F6-AC76-8836919E9D1B}
	EndGlobalSection
EndGlobal
